// !$*UTF8*$!
{
	archiveVersion = 1;
	classes = {
	};
	objectVersion = 50;
	objects = {

/* Begin PBXBuildFile section */
		1A7922A7227C75A500D73D63 /* AppDelegate.swift in Sources */ = {isa = PBXBuildFile; fileRef = 1A7922A6227C75A500D73D63 /* AppDelegate.swift */; };
		1A7922A9227C75A500D73D63 /* ViewController.swift in Sources */ = {isa = PBXBuildFile; fileRef = 1A7922A8227C75A500D73D63 /* ViewController.swift */; };
		1A7922AC227C75A500D73D63 /* Main.storyboard in Resources */ = {isa = PBXBuildFile; fileRef = 1A7922AA227C75A500D73D63 /* Main.storyboard */; };
		1A7922AE227C75A800D73D63 /* Assets.xcassets in Resources */ = {isa = PBXBuildFile; fileRef = 1A7922AD227C75A800D73D63 /* Assets.xcassets */; };
		1A7922B1227C75A800D73D63 /* LaunchScreen.storyboard in Resources */ = {isa = PBXBuildFile; fileRef = 1A7922AF227C75A800D73D63 /* LaunchScreen.storyboard */; };
		1A7922C0227C76D200D73D63 /* NetworkExtension.framework in Frameworks */ = {isa = PBXBuildFile; fileRef = 1A7922BF227C76D200D73D63 /* NetworkExtension.framework */; };
		1A7922C3227C771000D73D63 /* NEHotspotManager.swift in Sources */ = {isa = PBXBuildFile; fileRef = 1A7922C2227C771000D73D63 /* NEHotspotManager.swift */; };
		1A7922C5227C7FF000D73D63 /* Typealiases.swift in Sources */ = {isa = PBXBuildFile; fileRef = 1A7922C4227C7FF000D73D63 /* Typealiases.swift */; };
		1A79B2D122A928F60075C299 /* FGRoute.m in Sources */ = {isa = PBXBuildFile; fileRef = 1A79B2D022A928F60075C299 /* FGRoute.m */; };
		1A79B2D622A929550075C299 /* IpHelper.c in Sources */ = {isa = PBXBuildFile; fileRef = 1A79B2D322A929540075C299 /* IpHelper.c */; };
/* End PBXBuildFile section */

/* Begin PBXFileReference section */
		1A7922A3227C75A500D73D63 /* ConnectToWifi.app */ = {isa = PBXFileReference; explicitFileType = wrapper.application; includeInIndex = 0; path = ConnectToWifi.app; sourceTree = BUILT_PRODUCTS_DIR; };
		1A7922A6227C75A500D73D63 /* AppDelegate.swift */ = {isa = PBXFileReference; lastKnownFileType = sourcecode.swift; path = AppDelegate.swift; sourceTree = "<group>"; };
		1A7922A8227C75A500D73D63 /* ViewController.swift */ = {isa = PBXFileReference; lastKnownFileType = sourcecode.swift; path = ViewController.swift; sourceTree = "<group>"; };
		1A7922AB227C75A500D73D63 /* Base */ = {isa = PBXFileReference; lastKnownFileType = file.storyboard; name = Base; path = Base.lproj/Main.storyboard; sourceTree = "<group>"; };
		1A7922AD227C75A800D73D63 /* Assets.xcassets */ = {isa = PBXFileReference; lastKnownFileType = folder.assetcatalog; path = Assets.xcassets; sourceTree = "<group>"; };
		1A7922B0227C75A800D73D63 /* Base */ = {isa = PBXFileReference; lastKnownFileType = file.storyboard; name = Base; path = Base.lproj/LaunchScreen.storyboard; sourceTree = "<group>"; };
		1A7922B2227C75A800D73D63 /* Info.plist */ = {isa = PBXFileReference; lastKnownFileType = text.plist.xml; path = Info.plist; sourceTree = "<group>"; };
		1A7922BD227C76D200D73D63 /* ConnectToWifi.entitlements */ = {isa = PBXFileReference; lastKnownFileType = text.plist.entitlements; path = ConnectToWifi.entitlements; sourceTree = "<group>"; };
		1A7922BF227C76D200D73D63 /* NetworkExtension.framework */ = {isa = PBXFileReference; lastKnownFileType = wrapper.framework; name = NetworkExtension.framework; path = System/Library/Frameworks/NetworkExtension.framework; sourceTree = SDKROOT; };
		1A7922C2227C771000D73D63 /* NEHotspotManager.swift */ = {isa = PBXFileReference; lastKnownFileType = sourcecode.swift; path = NEHotspotManager.swift; sourceTree = "<group>"; };
		1A7922C4227C7FF000D73D63 /* Typealiases.swift */ = {isa = PBXFileReference; lastKnownFileType = sourcecode.swift; path = Typealiases.swift; sourceTree = "<group>"; };
		1A79B2CF22A928F50075C299 /* ConnectToWifi-Bridging-Header.h */ = {isa = PBXFileReference; lastKnownFileType = sourcecode.c.h; path = "ConnectToWifi-Bridging-Header.h"; sourceTree = "<group>"; };
		1A79B2D022A928F60075C299 /* FGRoute.m */ = {isa = PBXFileReference; fileEncoding = 4; lastKnownFileType = sourcecode.c.objc; path = FGRoute.m; sourceTree = "<group>"; };
		1A79B2D222A929200075C299 /* FGRoute.h */ = {isa = PBXFileReference; fileEncoding = 4; lastKnownFileType = sourcecode.c.h; path = FGRoute.h; sourceTree = "<group>"; };
		1A79B2D322A929540075C299 /* IpHelper.c */ = {isa = PBXFileReference; fileEncoding = 4; lastKnownFileType = sourcecode.c.c; path = IpHelper.c; sourceTree = "<group>"; };
		1A79B2D422A929550075C299 /* IpHelper.h */ = {isa = PBXFileReference; fileEncoding = 4; lastKnownFileType = sourcecode.c.h; path = IpHelper.h; sourceTree = "<group>"; };
		1A79B2D522A929550075C299 /* route.h */ = {isa = PBXFileReference; fileEncoding = 4; lastKnownFileType = sourcecode.c.h; path = route.h; sourceTree = "<group>"; };
/* End PBXFileReference section */

/* Begin PBXFrameworksBuildPhase section */
		1A7922A0227C75A500D73D63 /* Frameworks */ = {
			isa = PBXFrameworksBuildPhase;
			buildActionMask = 2147483647;
			files = (
				1A7922C0227C76D200D73D63 /* NetworkExtension.framework in Frameworks */,
			);
			runOnlyForDeploymentPostprocessing = 0;
		};
/* End PBXFrameworksBuildPhase section */

/* Begin PBXGroup section */
		1A79229A227C75A500D73D63 = {
			isa = PBXGroup;
			children = (
				1A7922A5227C75A500D73D63 /* ConnectToWifi */,
				1A7922A4227C75A500D73D63 /* Products */,
				1A7922BE227C76D200D73D63 /* Frameworks */,
			);
			sourceTree = "<group>";
		};
		1A7922A4227C75A500D73D63 /* Products */ = {
			isa = PBXGroup;
			children = (
				1A7922A3227C75A500D73D63 /* ConnectToWifi.app */,
			);
			name = Products;
			sourceTree = "<group>";
		};
		1A7922A5227C75A500D73D63 /* ConnectToWifi */ = {
			isa = PBXGroup;
			children = (
				1A7922A6227C75A500D73D63 /* AppDelegate.swift */,
				1A7922B8227C75DA00D73D63 /* Configurations */,
				1A7922BB227C760F00D73D63 /* Source */,
				1A7922BA227C75FB00D73D63 /* Storyboards */,
				1A7922B9227C75EF00D73D63 /* Resources */,
			);
			path = ConnectToWifi;
			sourceTree = "<group>";
		};
		1A7922B8227C75DA00D73D63 /* Configurations */ = {
			isa = PBXGroup;
			children = (
				1A7922BD227C76D200D73D63 /* ConnectToWifi.entitlements */,
				1A7922B2227C75A800D73D63 /* Info.plist */,
			);
			path = Configurations;
			sourceTree = "<group>";
		};
		1A7922B9227C75EF00D73D63 /* Resources */ = {
			isa = PBXGroup;
			children = (
				1A7922AD227C75A800D73D63 /* Assets.xcassets */,
			);
			path = Resources;
			sourceTree = "<group>";
		};
		1A7922BA227C75FB00D73D63 /* Storyboards */ = {
			isa = PBXGroup;
			children = (
				1A7922AA227C75A500D73D63 /* Main.storyboard */,
				1A7922AF227C75A800D73D63 /* LaunchScreen.storyboard */,
			);
			path = Storyboards;
			sourceTree = "<group>";
		};
		1A7922BB227C760F00D73D63 /* Source */ = {
			isa = PBXGroup;
			children = (
				1A7922BC227C761A00D73D63 /* Controllers */,
				1A7922C1227C770100D73D63 /* Utilities */,
			);
			path = Source;
			sourceTree = "<group>";
		};
		1A7922BC227C761A00D73D63 /* Controllers */ = {
			isa = PBXGroup;
			children = (
				1A7922A8227C75A500D73D63 /* ViewController.swift */,
			);
			path = Controllers;
			sourceTree = "<group>";
		};
		1A7922BE227C76D200D73D63 /* Frameworks */ = {
			isa = PBXGroup;
			children = (
				1A7922BF227C76D200D73D63 /* NetworkExtension.framework */,
			);
			name = Frameworks;
			sourceTree = "<group>";
		};
		1A7922C1227C770100D73D63 /* Utilities */ = {
			isa = PBXGroup;
			children = (
				1A79B2D722A929940075C299 /* Router Helper */,
				1A7922C2227C771000D73D63 /* NEHotspotManager.swift */,
				1A7922C4227C7FF000D73D63 /* Typealiases.swift */,
				1A79B2CF22A928F50075C299 /* ConnectToWifi-Bridging-Header.h */,
			);
			path = Utilities;
			sourceTree = "<group>";
		};
		1A79B2D722A929940075C299 /* Router Helper */ = {
			isa = PBXGroup;
			children = (
				1A79B2D522A929550075C299 /* route.h */,
				1A79B2D222A929200075C299 /* FGRoute.h */,
				1A79B2D022A928F60075C299 /* FGRoute.m */,
				1A79B2D322A929540075C299 /* IpHelper.c */,
				1A79B2D422A929550075C299 /* IpHelper.h */,
			);
			path = "Router Helper";
			sourceTree = "<group>";
		};
/* End PBXGroup section */

/* Begin PBXNativeTarget section */
		1A7922A2227C75A500D73D63 /* ConnectToWifi */ = {
			isa = PBXNativeTarget;
			buildConfigurationList = 1A7922B5227C75A800D73D63 /* Build configuration list for PBXNativeTarget "ConnectToWifi" */;
			buildPhases = (
				1A79229F227C75A500D73D63 /* Sources */,
				1A7922A0227C75A500D73D63 /* Frameworks */,
				1A7922A1227C75A500D73D63 /* Resources */,
				1A7922C6227C84CF00D73D63 /* Swiftlint */,
			);
			buildRules = (
			);
			dependencies = (
			);
			name = ConnectToWifi;
			productName = ConnectToWifi;
			productReference = 1A7922A3227C75A500D73D63 /* ConnectToWifi.app */;
			productType = "com.apple.product-type.application";
		};
/* End PBXNativeTarget section */

/* Begin PBXProject section */
		1A79229B227C75A500D73D63 /* Project object */ = {
			isa = PBXProject;
			attributes = {
				LastSwiftUpdateCheck = 1020;
				LastUpgradeCheck = 1020;
				ORGANIZATIONNAME = "Luigi Aiello";
				TargetAttributes = {
					1A7922A2227C75A500D73D63 = {
						CreatedOnToolsVersion = 10.2.1;
						LastSwiftMigration = 1020;
						SystemCapabilities = {
							com.apple.AccessWiFi = {
								enabled = 1;
							};
							com.apple.HotspotConfiguration = {
								enabled = 1;
							};
						};
					};
				};
			};
			buildConfigurationList = 1A79229E227C75A500D73D63 /* Build configuration list for PBXProject "ConnectToWifi" */;
			compatibilityVersion = "Xcode 9.3";
			developmentRegion = en;
			hasScannedForEncodings = 0;
			knownRegions = (
				en,
				Base,
			);
			mainGroup = 1A79229A227C75A500D73D63;
			productRefGroup = 1A7922A4227C75A500D73D63 /* Products */;
			projectDirPath = "";
			projectRoot = "";
			targets = (
				1A7922A2227C75A500D73D63 /* ConnectToWifi */,
			);
		};
/* End PBXProject section */

/* Begin PBXResourcesBuildPhase section */
		1A7922A1227C75A500D73D63 /* Resources */ = {
			isa = PBXResourcesBuildPhase;
			buildActionMask = 2147483647;
			files = (
				1A7922B1227C75A800D73D63 /* LaunchScreen.storyboard in Resources */,
				1A7922AE227C75A800D73D63 /* Assets.xcassets in Resources */,
				1A7922AC227C75A500D73D63 /* Main.storyboard in Resources */,
			);
			runOnlyForDeploymentPostprocessing = 0;
		};
/* End PBXResourcesBuildPhase section */

/* Begin PBXShellScriptBuildPhase section */
		1A7922C6227C84CF00D73D63 /* Swiftlint */ = {
			isa = PBXShellScriptBuildPhase;
			buildActionMask = 2147483647;
			files = (
			);
			inputFileListPaths = (
			);
			inputPaths = (
			);
			name = Swiftlint;
			outputFileListPaths = (
			);
			outputPaths = (
			);
			runOnlyForDeploymentPostprocessing = 0;
			shellPath = /bin/sh;
			shellScript = "if which swiftlint >/dev/null; then\n    swiftlint\nelse\n    echo \"warning: SwiftLint not installed, download from https://github.com/realm/SwiftLint\"\nfi\n";
		};
/* End PBXShellScriptBuildPhase section */

/* Begin PBXSourcesBuildPhase section */
		1A79229F227C75A500D73D63 /* Sources */ = {
			isa = PBXSourcesBuildPhase;
			buildActionMask = 2147483647;
			files = (
				1A7922C5227C7FF000D73D63 /* Typealiases.swift in Sources */,
				1A7922A9227C75A500D73D63 /* ViewController.swift in Sources */,
				1A79B2D122A928F60075C299 /* FGRoute.m in Sources */,
				1A7922A7227C75A500D73D63 /* AppDelegate.swift in Sources */,
				1A79B2D622A929550075C299 /* IpHelper.c in Sources */,
				1A7922C3227C771000D73D63 /* NEHotspotManager.swift in Sources */,
			);
			runOnlyForDeploymentPostprocessing = 0;
		};
/* End PBXSourcesBuildPhase section */

/* Begin PBXVariantGroup section */
		1A7922AA227C75A500D73D63 /* Main.storyboard */ = {
			isa = PBXVariantGroup;
			children = (
				1A7922AB227C75A500D73D63 /* Base */,
			);
			name = Main.storyboard;
			sourceTree = "<group>";
		};
		1A7922AF227C75A800D73D63 /* LaunchScreen.storyboard */ = {
			isa = PBXVariantGroup;
			children = (
				1A7922B0227C75A800D73D63 /* Base */,
			);
			name = LaunchScreen.storyboard;
			sourceTree = "<group>";
		};
/* End PBXVariantGroup section */

/* Begin XCBuildConfiguration section */
		1A7922B3227C75A800D73D63 /* Debug */ = {
			isa = XCBuildConfiguration;
			buildSettings = {
				ALWAYS_SEARCH_USER_PATHS = NO;
				CLANG_ANALYZER_NONNULL = YES;
				CLANG_ANALYZER_NUMBER_OBJECT_CONVERSION = YES_AGGRESSIVE;
				CLANG_CXX_LANGUAGE_STANDARD = "gnu++14";
				CLANG_CXX_LIBRARY = "libc++";
				CLANG_ENABLE_MODULES = YES;
				CLANG_ENABLE_OBJC_ARC = YES;
				CLANG_ENABLE_OBJC_WEAK = YES;
				CLANG_WARN_BLOCK_CAPTURE_AUTORELEASING = YES;
				CLANG_WARN_BOOL_CONVERSION = YES;
				CLANG_WARN_COMMA = YES;
				CLANG_WARN_CONSTANT_CONVERSION = YES;
				CLANG_WARN_DEPRECATED_OBJC_IMPLEMENTATIONS = YES;
				CLANG_WARN_DIRECT_OBJC_ISA_USAGE = YES_ERROR;
				CLANG_WARN_DOCUMENTATION_COMMENTS = YES;
				CLANG_WARN_EMPTY_BODY = YES;
				CLANG_WARN_ENUM_CONVERSION = YES;
				CLANG_WARN_INFINITE_RECURSION = YES;
				CLANG_WARN_INT_CONVERSION = YES;
				CLANG_WARN_NON_LITERAL_NULL_CONVERSION = YES;
				CLANG_WARN_OBJC_IMPLICIT_RETAIN_SELF = YES;
				CLANG_WARN_OBJC_LITERAL_CONVERSION = YES;
				CLANG_WARN_OBJC_ROOT_CLASS = YES_ERROR;
				CLANG_WARN_RANGE_LOOP_ANALYSIS = YES;
				CLANG_WARN_STRICT_PROTOTYPES = YES;
				CLANG_WARN_SUSPICIOUS_MOVE = YES;
				CLANG_WARN_UNGUARDED_AVAILABILITY = YES_AGGRESSIVE;
				CLANG_WARN_UNREACHABLE_CODE = YES;
				CLANG_WARN__DUPLICATE_METHOD_MATCH = YES;
				CODE_SIGN_IDENTITY = "iPhone Developer";
				COPY_PHASE_STRIP = NO;
				DEBUG_INFORMATION_FORMAT = dwarf;
				ENABLE_STRICT_OBJC_MSGSEND = YES;
				ENABLE_TESTABILITY = YES;
				GCC_C_LANGUAGE_STANDARD = gnu11;
				GCC_DYNAMIC_NO_PIC = NO;
				GCC_NO_COMMON_BLOCKS = YES;
				GCC_OPTIMIZATION_LEVEL = 0;
				GCC_PREPROCESSOR_DEFINITIONS = (
					"DEBUG=1",
					"$(inherited)",
				);
				GCC_WARN_64_TO_32_BIT_CONVERSION = YES;
				GCC_WARN_ABOUT_RETURN_TYPE = YES_ERROR;
				GCC_WARN_UNDECLARED_SELECTOR = YES;
				GCC_WARN_UNINITIALIZED_AUTOS = YES_AGGRESSIVE;
				GCC_WARN_UNUSED_FUNCTION = YES;
				GCC_WARN_UNUSED_VARIABLE = YES;
				IPHONEOS_DEPLOYMENT_TARGET = 12.2;
				MTL_ENABLE_DEBUG_INFO = INCLUDE_SOURCE;
				MTL_FAST_MATH = YES;
				ONLY_ACTIVE_ARCH = YES;
				SDKROOT = iphoneos;
				SWIFT_ACTIVE_COMPILATION_CONDITIONS = DEBUG;
				SWIFT_OPTIMIZATION_LEVEL = "-Onone";
			};
			name = Debug;
		};
		1A7922B4227C75A800D73D63 /* Release */ = {
			isa = XCBuildConfiguration;
			buildSettings = {
				ALWAYS_SEARCH_USER_PATHS = NO;
				CLANG_ANALYZER_NONNULL = YES;
				CLANG_ANALYZER_NUMBER_OBJECT_CONVERSION = YES_AGGRESSIVE;
				CLANG_CXX_LANGUAGE_STANDARD = "gnu++14";
				CLANG_CXX_LIBRARY = "libc++";
				CLANG_ENABLE_MODULES = YES;
				CLANG_ENABLE_OBJC_ARC = YES;
				CLANG_ENABLE_OBJC_WEAK = YES;
				CLANG_WARN_BLOCK_CAPTURE_AUTORELEASING = YES;
				CLANG_WARN_BOOL_CONVERSION = YES;
				CLANG_WARN_COMMA = YES;
				CLANG_WARN_CONSTANT_CONVERSION = YES;
				CLANG_WARN_DEPRECATED_OBJC_IMPLEMENTATIONS = YES;
				CLANG_WARN_DIRECT_OBJC_ISA_USAGE = YES_ERROR;
				CLANG_WARN_DOCUMENTATION_COMMENTS = YES;
				CLANG_WARN_EMPTY_BODY = YES;
				CLANG_WARN_ENUM_CONVERSION = YES;
				CLANG_WARN_INFINITE_RECURSION = YES;
				CLANG_WARN_INT_CONVERSION = YES;
				CLANG_WARN_NON_LITERAL_NULL_CONVERSION = YES;
				CLANG_WARN_OBJC_IMPLICIT_RETAIN_SELF = YES;
				CLANG_WARN_OBJC_LITERAL_CONVERSION = YES;
				CLANG_WARN_OBJC_ROOT_CLASS = YES_ERROR;
				CLANG_WARN_RANGE_LOOP_ANALYSIS = YES;
				CLANG_WARN_STRICT_PROTOTYPES = YES;
				CLANG_WARN_SUSPICIOUS_MOVE = YES;
				CLANG_WARN_UNGUARDED_AVAILABILITY = YES_AGGRESSIVE;
				CLANG_WARN_UNREACHABLE_CODE = YES;
				CLANG_WARN__DUPLICATE_METHOD_MATCH = YES;
				CODE_SIGN_IDENTITY = "iPhone Developer";
				COPY_PHASE_STRIP = NO;
				DEBUG_INFORMATION_FORMAT = "dwarf-with-dsym";
				ENABLE_NS_ASSERTIONS = NO;
				ENABLE_STRICT_OBJC_MSGSEND = YES;
				GCC_C_LANGUAGE_STANDARD = gnu11;
				GCC_NO_COMMON_BLOCKS = YES;
				GCC_WARN_64_TO_32_BIT_CONVERSION = YES;
				GCC_WARN_ABOUT_RETURN_TYPE = YES_ERROR;
				GCC_WARN_UNDECLARED_SELECTOR = YES;
				GCC_WARN_UNINITIALIZED_AUTOS = YES_AGGRESSIVE;
				GCC_WARN_UNUSED_FUNCTION = YES;
				GCC_WARN_UNUSED_VARIABLE = YES;
				IPHONEOS_DEPLOYMENT_TARGET = 12.2;
				MTL_ENABLE_DEBUG_INFO = NO;
				MTL_FAST_MATH = YES;
				SDKROOT = iphoneos;
				SWIFT_COMPILATION_MODE = wholemodule;
				SWIFT_OPTIMIZATION_LEVEL = "-O";
				VALIDATE_PRODUCT = YES;
			};
			name = Release;
		};
		1A7922B6227C75A800D73D63 /* Debug */ = {
			isa = XCBuildConfiguration;
			buildSettings = {
				ASSETCATALOG_COMPILER_APPICON_NAME = AppIcon;
				CLANG_ENABLE_MODULES = YES;
				CODE_SIGN_ENTITLEMENTS = ConnectToWifi/Configurations/ConnectToWifi.entitlements;
				CODE_SIGN_STYLE = Automatic;
				DEVELOPMENT_TEAM = 2ZQNENV2H9;
				INFOPLIST_FILE = "$(SRCROOT)/ConnectToWifi/Configurations/Info.plist";
				IPHONEOS_DEPLOYMENT_TARGET = 11.0;
				LD_RUNPATH_SEARCH_PATHS = (
					"$(inherited)",
					"@executable_path/Frameworks",
				);
				PRODUCT_BUNDLE_IDENTIFIER = it.abenergie.ConnectToWifi;
				PRODUCT_NAME = "$(TARGET_NAME)";
				SWIFT_OBJC_BRIDGING_HEADER = "ConnectToWifi/Source/Utilities/ConnectToWifi-Bridging-Header.h";
				SWIFT_OPTIMIZATION_LEVEL = "-Onone";
				SWIFT_VERSION = 5.0;
				TARGETED_DEVICE_FAMILY = "1,2";
			};
			name = Debug;
		};
		1A7922B7227C75A800D73D63 /* Release */ = {
			isa = XCBuildConfiguration;
			buildSettings = {
				ASSETCATALOG_COMPILER_APPICON_NAME = AppIcon;
				CLANG_ENABLE_MODULES = YES;
				CODE_SIGN_ENTITLEMENTS = ConnectToWifi/Configurations/ConnectToWifi.entitlements;
				CODE_SIGN_STYLE = Automatic;
				DEVELOPMENT_TEAM = 2ZQNENV2H9;
				INFOPLIST_FILE = "$(SRCROOT)/ConnectToWifi/Configurations/Info.plist";
				IPHONEOS_DEPLOYMENT_TARGET = 11.0;
				LD_RUNPATH_SEARCH_PATHS = (
					"$(inherited)",
					"@executable_path/Frameworks",
				);
				PRODUCT_BUNDLE_IDENTIFIER = it.abenergie.ConnectToWifi;
				PRODUCT_NAME = "$(TARGET_NAME)";
				SWIFT_OBJC_BRIDGING_HEADER = "ConnectToWifi/Source/Utilities/ConnectToWifi-Bridging-Header.h";
				SWIFT_VERSION = 5.0;
				TARGETED_DEVICE_FAMILY = "1,2";
			};
			name = Release;
		};
/* End XCBuildConfiguration section */

/* Begin XCConfigurationList section */
		1A79229E227C75A500D73D63 /* Build configuration list for PBXProject "ConnectToWifi" */ = {
			isa = XCConfigurationList;
			buildConfigurations = (
				1A7922B3227C75A800D73D63 /* Debug */,
				1A7922B4227C75A800D73D63 /* Release */,
			);
			defaultConfigurationIsVisible = 0;
			defaultConfigurationName = Release;
		};
		1A7922B5227C75A800D73D63 /* Build configuration list for PBXNativeTarget "ConnectToWifi" */ = {
			isa = XCConfigurationList;
			buildConfigurations = (
				1A7922B6227C75A800D73D63 /* Debug */,
				1A7922B7227C75A800D73D63 /* Release */,
			);
			defaultConfigurationIsVisible = 0;
			defaultConfigurationName = Release;
		};
/* End XCConfigurationList section */
	};
	rootObject = 1A79229B227C75A500D73D63 /* Project object */;
}
